// !$*UTF8*$!
{
	archiveVersion = 1;
	classes = {
	};
	objectVersion = 77;
	objects = {

/* Begin PBXBuildFile section */
		1F9668EB6A575803E482BBD6 /* ContentSettingsView.swift in Sources */ = {isa = PBXBuildFile; fileRef = FA8F4249CF58700659E2E1CD /* ContentSettingsView.swift */; };
		2129815454CC41DEDE65EA0B /* AppDelegate.swift in Sources */ = {isa = PBXBuildFile; fileRef = F7F0E3C4237A5B8927234783 /* AppDelegate.swift */; };
		292473F817BB11AE3BFA75D1 /* CircleOverlayView.swift in Sources */ = {isa = PBXBuildFile; fileRef = EA85BC3E5CFE70C50E68021B /* CircleOverlayView.swift */; };
		29B5EF5211615DA09DF573D1 /* CircleKit in Frameworks */ = {isa = PBXBuildFile; productRef = 5FFC558C566188C109FA6096 /* CircleKit */; };
		2E6F56E3F18EB8A163EEAA89 /* OverlayWindowController.swift in Sources */ = {isa = PBXBuildFile; fileRef = E2EFAE53D00E0BDA2A16B644 /* OverlayWindowController.swift */; };
		515B7802A41B623573A5E626 /* GeneralSettingsView.swift in Sources */ = {isa = PBXBuildFile; fileRef = B630F8FB50438C3C153E0AC7 /* GeneralSettingsView.swift */; };
		7B61B869FC579A98BE5F0A11 /* SettingsWindowController.swift in Sources */ = {isa = PBXBuildFile; fileRef = A2CAE65D8524A6C49B8828BD /* SettingsWindowController.swift */; };
		A058F15B2DECE6373078CF46 /* MacHUD in Frameworks */ = {isa = PBXBuildFile; productRef = 8A1F3481F0D2694FF39F884E /* MacHUD */; };
		A2742993B2C2CEA4EF5AC994 /* main.swift in Sources */ = {isa = PBXBuildFile; fileRef = DA5DA62BEB98CC2A24D4828F /* main.swift */; };
		A4012D47DB75E0A0049D5709 /* HUDWindowController.swift in Sources */ = {isa = PBXBuildFile; fileRef = 30C5E6501F6A36B46E19911F /* HUDWindowController.swift */; };
		AA229DB09BFADA87F2247783 /* TrayManager.swift in Sources */ = {isa = PBXBuildFile; fileRef = F676639A0CFB1EAB17577F9B /* TrayManager.swift */; };
		BA88B2CBE9BB8B17C48ECF3F /* CircleKit in Frameworks */ = {isa = PBXBuildFile; productRef = 43807AB23D6846E5D226D64D /* CircleKit */; };
		C0E7BE60DCF20A7790ABD59D /* SettingsView.swift in Sources */ = {isa = PBXBuildFile; fileRef = 42D0183F6E06025B159237C7 /* SettingsView.swift */; };
		D0A545D777277482B37858BF /* HotkeyRecorderView.swift in Sources */ = {isa = PBXBuildFile; fileRef = B3F12AD1B971251B8B3DFC30 /* HotkeyRecorderView.swift */; };
		DC13A3BEF7AB9020CC97AB07 /* CircleSaverView.swift in Sources */ = {isa = PBXBuildFile; fileRef = DDA0D2BD7DA581F51F431D6E /* CircleSaverView.swift */; };
		E97C23A79BA96A755CE2285E /* IdleMonitor.swift in Sources */ = {isa = PBXBuildFile; fileRef = AE1C19FB7F3EBFBE2CFA8176 /* IdleMonitor.swift */; };
		EE1E893B9044569FC8385215 /* Assets.xcassets in Resources */ = {isa = PBXBuildFile; fileRef = B28A47E975AC8886020191AD /* Assets.xcassets */; };
		F82F2FE1625333D6B4555B54 /* HotkeyManager.swift in Sources */ = {isa = PBXBuildFile; fileRef = 776C67B3C2712EACED4B341A /* HotkeyManager.swift */; };
/* End PBXBuildFile section */

/* Begin PBXFileReference section */
		0E9043555548A01B55E18F83 /* Info.plist */ = {isa = PBXFileReference; lastKnownFileType = text.plist; path = Info.plist; sourceTree = "<group>"; };
		229471C9116CB6AF3C79C58D /* CircleApp.app */ = {isa = PBXFileReference; explicitFileType = wrapper.application; includeInIndex = 0; path = CircleApp.app; sourceTree = BUILT_PRODUCTS_DIR; };
		30C5E6501F6A36B46E19911F /* HUDWindowController.swift */ = {isa = PBXFileReference; lastKnownFileType = sourcecode.swift; path = HUDWindowController.swift; sourceTree = "<group>"; };
		42D0183F6E06025B159237C7 /* SettingsView.swift */ = {isa = PBXFileReference; lastKnownFileType = sourcecode.swift; path = SettingsView.swift; sourceTree = "<group>"; };
		5405950EB45A095161D50869 /* Info.plist */ = {isa = PBXFileReference; lastKnownFileType = text.plist; path = Info.plist; sourceTree = "<group>"; };
		58A019C3848E903D1743D72F /* CircleApp.entitlements */ = {isa = PBXFileReference; lastKnownFileType = text.plist.entitlements; path = CircleApp.entitlements; sourceTree = "<group>"; };
		776C67B3C2712EACED4B341A /* HotkeyManager.swift */ = {isa = PBXFileReference; lastKnownFileType = sourcecode.swift; path = HotkeyManager.swift; sourceTree = "<group>"; };
		7A04D25E178622374F996859 /* CircleKit */ = {isa = PBXFileReference; lastKnownFileType = folder; name = CircleKit; path = CircleKit; sourceTree = SOURCE_ROOT; };
		A2CAE65D8524A6C49B8828BD /* SettingsWindowController.swift */ = {isa = PBXFileReference; lastKnownFileType = sourcecode.swift; path = SettingsWindowController.swift; sourceTree = "<group>"; };
		AE1C19FB7F3EBFBE2CFA8176 /* IdleMonitor.swift */ = {isa = PBXFileReference; lastKnownFileType = sourcecode.swift; path = IdleMonitor.swift; sourceTree = "<group>"; };
		AF2C454A66C173A734257128 /* CircleSaver.bundle */ = {isa = PBXFileReference; explicitFileType = wrapper.cfbundle; includeInIndex = 0; path = CircleSaver.bundle; sourceTree = BUILT_PRODUCTS_DIR; };
		B28A47E975AC8886020191AD /* Assets.xcassets */ = {isa = PBXFileReference; lastKnownFileType = folder.assetcatalog; path = Assets.xcassets; sourceTree = "<group>"; };
		B3F12AD1B971251B8B3DFC30 /* HotkeyRecorderView.swift */ = {isa = PBXFileReference; lastKnownFileType = sourcecode.swift; path = HotkeyRecorderView.swift; sourceTree = "<group>"; };
		B630F8FB50438C3C153E0AC7 /* GeneralSettingsView.swift */ = {isa = PBXFileReference; lastKnownFileType = sourcecode.swift; path = GeneralSettingsView.swift; sourceTree = "<group>"; };
		DA5DA62BEB98CC2A24D4828F /* main.swift */ = {isa = PBXFileReference; lastKnownFileType = sourcecode.swift; path = main.swift; sourceTree = "<group>"; };
		DDA0D2BD7DA581F51F431D6E /* CircleSaverView.swift */ = {isa = PBXFileReference; lastKnownFileType = sourcecode.swift; path = CircleSaverView.swift; sourceTree = "<group>"; };
		E2EFAE53D00E0BDA2A16B644 /* OverlayWindowController.swift */ = {isa = PBXFileReference; lastKnownFileType = sourcecode.swift; path = OverlayWindowController.swift; sourceTree = "<group>"; };
		EA85BC3E5CFE70C50E68021B /* CircleOverlayView.swift */ = {isa = PBXFileReference; lastKnownFileType = sourcecode.swift; path = CircleOverlayView.swift; sourceTree = "<group>"; };
		F676639A0CFB1EAB17577F9B /* TrayManager.swift */ = {isa = PBXFileReference; lastKnownFileType = sourcecode.swift; path = TrayManager.swift; sourceTree = "<group>"; };
		F7F0E3C4237A5B8927234783 /* AppDelegate.swift */ = {isa = PBXFileReference; lastKnownFileType = sourcecode.swift; path = AppDelegate.swift; sourceTree = "<group>"; };
		FA8F4249CF58700659E2E1CD /* ContentSettingsView.swift */ = {isa = PBXFileReference; lastKnownFileType = sourcecode.swift; path = ContentSettingsView.swift; sourceTree = "<group>"; };
/* End PBXFileReference section */

/* Begin PBXFrameworksBuildPhase section */
		7BA85986694D7F9200587298 /* Frameworks */ = {
			isa = PBXFrameworksBuildPhase;
			buildActionMask = 2147483647;
			files = (
				29B5EF5211615DA09DF573D1 /* CircleKit in Frameworks */,
			);
			runOnlyForDeploymentPostprocessing = 0;
		};
		EA20CFC7B317C385CEF58BDC /* Frameworks */ = {
			isa = PBXFrameworksBuildPhase;
			buildActionMask = 2147483647;
			files = (
				BA88B2CBE9BB8B17C48ECF3F /* CircleKit in Frameworks */,
				A058F15B2DECE6373078CF46 /* MacHUD in Frameworks */,
			);
			runOnlyForDeploymentPostprocessing = 0;
		};
/* End PBXFrameworksBuildPhase section */

/* Begin PBXGroup section */
		0A577006CFD4DBE8497FB780 /* Products */ = {
			isa = PBXGroup;
			children = (
				229471C9116CB6AF3C79C58D /* CircleApp.app */,
				AF2C454A66C173A734257128 /* CircleSaver.bundle */,
			);
			name = Products;
			sourceTree = "<group>";
		};
		5749A42295EEF877F77F4605 /* CircleSaver */ = {
			isa = PBXGroup;
			children = (
				DDA0D2BD7DA581F51F431D6E /* CircleSaverView.swift */,
				0E9043555548A01B55E18F83 /* Info.plist */,
			);
			path = CircleSaver;
			sourceTree = "<group>";
		};
		84379D7516A5B54DFDCFF3A5 /* Settings */ = {
			isa = PBXGroup;
			children = (
				FA8F4249CF58700659E2E1CD /* ContentSettingsView.swift */,
				B630F8FB50438C3C153E0AC7 /* GeneralSettingsView.swift */,
				B3F12AD1B971251B8B3DFC30 /* HotkeyRecorderView.swift */,
				42D0183F6E06025B159237C7 /* SettingsView.swift */,
				A2CAE65D8524A6C49B8828BD /* SettingsWindowController.swift */,
			);
			path = Settings;
			sourceTree = "<group>";
		};
		9E2061366C0414FBDA0333C1 /* Resources */ = {
			isa = PBXGroup;
			children = (
				B28A47E975AC8886020191AD /* Assets.xcassets */,
			);
			path = Resources;
			sourceTree = "<group>";
		};
		A14E8D1C4ED362FE91C9B480 /* Packages */ = {
			isa = PBXGroup;
			children = (
				7A04D25E178622374F996859 /* CircleKit */,
			);
			name = Packages;
			sourceTree = "<group>";
		};
		B2C4379B034F780FEA112FFA = {
			isa = PBXGroup;
			children = (
				C3C28D8D31F8B7D7B7C29755 /* CircleApp */,
				5749A42295EEF877F77F4605 /* CircleSaver */,
				A14E8D1C4ED362FE91C9B480 /* Packages */,
				0A577006CFD4DBE8497FB780 /* Products */,
			);
			sourceTree = "<group>";
		};
		C3C28D8D31F8B7D7B7C29755 /* CircleApp */ = {
			isa = PBXGroup;
			children = (
				9E2061366C0414FBDA0333C1 /* Resources */,
				84379D7516A5B54DFDCFF3A5 /* Settings */,
				F7F0E3C4237A5B8927234783 /* AppDelegate.swift */,
				58A019C3848E903D1743D72F /* CircleApp.entitlements */,
				EA85BC3E5CFE70C50E68021B /* CircleOverlayView.swift */,
				776C67B3C2712EACED4B341A /* HotkeyManager.swift */,
				30C5E6501F6A36B46E19911F /* HUDWindowController.swift */,
				AE1C19FB7F3EBFBE2CFA8176 /* IdleMonitor.swift */,
				5405950EB45A095161D50869 /* Info.plist */,
				DA5DA62BEB98CC2A24D4828F /* main.swift */,
				E2EFAE53D00E0BDA2A16B644 /* OverlayWindowController.swift */,
				F676639A0CFB1EAB17577F9B /* TrayManager.swift */,
			);
			path = CircleApp;
			sourceTree = "<group>";
		};
/* End PBXGroup section */

/* Begin PBXNativeTarget section */
		0AB9490CE2C1EF27A6E390B4 /* CircleSaver */ = {
			isa = PBXNativeTarget;
			buildConfigurationList = 9E12B5A54AD2AF045AEF41A6 /* Build configuration list for PBXNativeTarget "CircleSaver" */;
			buildPhases = (
				16FCBBA1D90AB4771A87D63B /* Sources */,
				7BA85986694D7F9200587298 /* Frameworks */,
			);
			buildRules = (
			);
			dependencies = (
			);
			name = CircleSaver;
			packageProductDependencies = (
				5FFC558C566188C109FA6096 /* CircleKit */,
			);
			productName = CircleSaver;
			productReference = AF2C454A66C173A734257128 /* CircleSaver.bundle */;
			productType = "com.apple.product-type.bundle";
		};
		BB2EA0B9B880EED1B2DDC1B9 /* CircleApp */ = {
			isa = PBXNativeTarget;
			buildConfigurationList = 57722E62A8E2364B606D27BC /* Build configuration list for PBXNativeTarget "CircleApp" */;
			buildPhases = (
				A2E68992C9A1FD998C2837C7 /* Sources */,
				F34E28AF76EB51EE0AC6E682 /* Resources */,
				EA20CFC7B317C385CEF58BDC /* Frameworks */,
			);
			buildRules = (
			);
			dependencies = (
			);
			name = CircleApp;
			packageProductDependencies = (
				43807AB23D6846E5D226D64D /* CircleKit */,
				8A1F3481F0D2694FF39F884E /* MacHUD */,
			);
			productName = CircleApp;
			productReference = 229471C9116CB6AF3C79C58D /* CircleApp.app */;
			productType = "com.apple.product-type.application";
		};
/* End PBXNativeTarget section */

/* Begin PBXProject section */
		094D1C413EC8FFE7880D5CA4 /* Project object */ = {
			isa = PBXProject;
			attributes = {
				BuildIndependentTargetsInParallel = YES;
				LastUpgradeCheck = 1500;
				TargetAttributes = {
				};
			};
			buildConfigurationList = F938768E5827A79A0F45494E /* Build configuration list for PBXProject "CircleOLEDSaver" */;
			developmentRegion = en;
			hasScannedForEncodings = 0;
			knownRegions = (
				Base,
				en,
			);
			mainGroup = B2C4379B034F780FEA112FFA;
			minimizedProjectReferenceProxies = 1;
			packageReferences = (
				D56E0D1DB0E9F6FBF62784F4 /* XCRemoteSwiftPackageReference "MacHUD" */,
				092CF6751C752D2915CEF894 /* XCLocalSwiftPackageReference "CircleKit" */,
			);
			preferredProjectObjectVersion = 77;
			productRefGroup = 0A577006CFD4DBE8497FB780 /* Products */;
			projectDirPath = "";
			projectRoot = "";
			targets = (
				BB2EA0B9B880EED1B2DDC1B9 /* CircleApp */,
				0AB9490CE2C1EF27A6E390B4 /* CircleSaver */,
			);
		};
/* End PBXProject section */

/* Begin PBXResourcesBuildPhase section */
		F34E28AF76EB51EE0AC6E682 /* Resources */ = {
			isa = PBXResourcesBuildPhase;
			buildActionMask = 2147483647;
			files = (
				EE1E893B9044569FC8385215 /* Assets.xcassets in Resources */,
			);
			runOnlyForDeploymentPostprocessing = 0;
		};
/* End PBXResourcesBuildPhase section */

/* Begin PBXSourcesBuildPhase section */
		16FCBBA1D90AB4771A87D63B /* Sources */ = {
			isa = PBXSourcesBuildPhase;
			buildActionMask = 2147483647;
			files = (
				DC13A3BEF7AB9020CC97AB07 /* CircleSaverView.swift in Sources */,
			);
			runOnlyForDeploymentPostprocessing = 0;
		};
		A2E68992C9A1FD998C2837C7 /* Sources */ = {
			isa = PBXSourcesBuildPhase;
			buildActionMask = 2147483647;
			files = (
				2129815454CC41DEDE65EA0B /* AppDelegate.swift in Sources */,
				292473F817BB11AE3BFA75D1 /* CircleOverlayView.swift in Sources */,
				1F9668EB6A575803E482BBD6 /* ContentSettingsView.swift in Sources */,
				515B7802A41B623573A5E626 /* GeneralSettingsView.swift in Sources */,
				A4012D47DB75E0A0049D5709 /* HUDWindowController.swift in Sources */,
				F82F2FE1625333D6B4555B54 /* HotkeyManager.swift in Sources */,
				D0A545D777277482B37858BF /* HotkeyRecorderView.swift in Sources */,
				E97C23A79BA96A755CE2285E /* IdleMonitor.swift in Sources */,
				2E6F56E3F18EB8A163EEAA89 /* OverlayWindowController.swift in Sources */,
				C0E7BE60DCF20A7790ABD59D /* SettingsView.swift in Sources */,
				7B61B869FC579A98BE5F0A11 /* SettingsWindowController.swift in Sources */,
				AA229DB09BFADA87F2247783 /* TrayManager.swift in Sources */,
				A2742993B2C2CEA4EF5AC994 /* main.swift in Sources */,
			);
			runOnlyForDeploymentPostprocessing = 0;
		};
/* End PBXSourcesBuildPhase section */

/* Begin XCBuildConfiguration section */
		645C0AC3B3210AF003B60F35 /* Release */ = {
			isa = XCBuildConfiguration;
			buildSettings = {
				ASSETCATALOG_COMPILER_APPICON_NAME = AppIcon;
				CODE_SIGN_ENTITLEMENTS = CircleApp/CircleApp.entitlements;
				COMBINE_HIDPI_IMAGES = YES;
				INFOPLIST_FILE = CircleApp/Info.plist;
				LD_RUNPATH_SEARCH_PATHS = "$(inherited) @executable_path/../Frameworks";
				PRODUCT_BUNDLE_IDENTIFIER = com.shoebillsoft.circle;
				PRODUCT_NAME = Circle;
				SDKROOT = macosx;
			};
			name = Release;
		};
		7EC4D4C75E6100062EA60159 /* Debug */ = {
			isa = XCBuildConfiguration;
			buildSettings = {
				COMBINE_HIDPI_IMAGES = YES;
				INFOPLIST_FILE = CircleSaver/Info.plist;
				LD_RUNPATH_SEARCH_PATHS = "$(inherited) @executable_path/../Frameworks @loader_path/../Frameworks";
				PRODUCT_BUNDLE_IDENTIFIER = com.shoebillsoft.circle.saver;
				PRODUCT_NAME = Circle;
				SDKROOT = macosx;
				SKIP_INSTALL = YES;
				WRAPPER_EXTENSION = saver;
			};
			name = Debug;
		};
		A72615739DE44552D724160A /* Release */ = {
			isa = XCBuildConfiguration;
			buildSettings = {
				ALWAYS_SEARCH_USER_PATHS = NO;
				CLANG_ANALYZER_NONNULL = YES;
				CLANG_ANALYZER_NUMBER_OBJECT_CONVERSION = YES_AGGRESSIVE;
				CLANG_CXX_LANGUAGE_STANDARD = "gnu++14";
				CLANG_CXX_LIBRARY = "libc++";
				CLANG_ENABLE_MODULES = YES;
				CLANG_ENABLE_OBJC_ARC = YES;
				CLANG_ENABLE_OBJC_WEAK = YES;
				CLANG_WARN_BLOCK_CAPTURE_AUTORELEASING = YES;
				CLANG_WARN_BOOL_CONVERSION = YES;
				CLANG_WARN_COMMA = YES;
				CLANG_WARN_CONSTANT_CONVERSION = YES;
				CLANG_WARN_DEPRECATED_OBJC_IMPLEMENTATIONS = YES;
				CLANG_WARN_DIRECT_OBJC_ISA_USAGE = YES_ERROR;
				CLANG_WARN_DOCUMENTATION_COMMENTS = YES;
				CLANG_WARN_EMPTY_BODY = YES;
				CLANG_WARN_ENUM_CONVERSION = YES;
				CLANG_WARN_INFINITE_RECURSION = YES;
				CLANG_WARN_INT_CONVERSION = YES;
				CLANG_WARN_NON_LITERAL_NULL_CONVERSION = YES;
				CLANG_WARN_OBJC_IMPLICIT_RETAIN_SELF = YES;
				CLANG_WARN_OBJC_LITERAL_CONVERSION = YES;
				CLANG_WARN_OBJC_ROOT_CLASS = YES_ERROR;
				CLANG_WARN_QUOTED_INCLUDE_IN_FRAMEWORK_HEADER = YES;
				CLANG_WARN_RANGE_LOOP_ANALYSIS = YES;
				CLANG_WARN_STRICT_PROTOTYPES = YES;
				CLANG_WARN_SUSPICIOUS_MOVE = YES;
				CLANG_WARN_UNGUARDED_AVAILABILITY = YES_AGGRESSIVE;
				CLANG_WARN_UNREACHABLE_CODE = YES;
				CLANG_WARN__DUPLICATE_METHOD_MATCH = YES;
				COPY_PHASE_STRIP = NO;
				DEBUG_INFORMATION_FORMAT = "dwarf-with-dsym";
				ENABLE_NS_ASSERTIONS = NO;
				ENABLE_STRICT_OBJC_MSGSEND = YES;
				GCC_C_LANGUAGE_STANDARD = gnu11;
				GCC_NO_COMMON_BLOCKS = YES;
				GCC_WARN_64_TO_32_BIT_CONVERSION = YES;
				GCC_WARN_ABOUT_RETURN_TYPE = YES_ERROR;
				GCC_WARN_UNDECLARED_SELECTOR = YES;
				GCC_WARN_UNINITIALIZED_AUTOS = YES_AGGRESSIVE;
				GCC_WARN_UNUSED_FUNCTION = YES;
				GCC_WARN_UNUSED_VARIABLE = YES;
				MACOSX_DEPLOYMENT_TARGET = 14.0;
				MTL_ENABLE_DEBUG_INFO = NO;
				MTL_FAST_MATH = YES;
				PRODUCT_NAME = "$(TARGET_NAME)";
				SDKROOT = macosx;
				SWIFT_COMPILATION_MODE = wholemodule;
				SWIFT_OPTIMIZATION_LEVEL = "-O";
				SWIFT_VERSION = 5.9;
			};
			name = Release;
		};
		B9A79A6E80A56D6D5B865BEC /* Release */ = {
			isa = XCBuildConfiguration;
			buildSettings = {
				COMBINE_HIDPI_IMAGES = YES;
				INFOPLIST_FILE = CircleSaver/Info.plist;
				LD_RUNPATH_SEARCH_PATHS = "$(inherited) @executable_path/../Frameworks @loader_path/../Frameworks";
				PRODUCT_BUNDLE_IDENTIFIER = com.shoebillsoft.circle.saver;
				PRODUCT_NAME = Circle;
				SDKROOT = macosx;
				SKIP_INSTALL = YES;
				WRAPPER_EXTENSION = saver;
			};
			name = Release;
		};
		CEF5E83B30152BFCB240163E /* Debug */ = {
			isa = XCBuildConfiguration;
			buildSettings = {
				ASSETCATALOG_COMPILER_APPICON_NAME = AppIcon;
				CODE_SIGN_ENTITLEMENTS = CircleApp/CircleApp.entitlements;
				COMBINE_HIDPI_IMAGES = YES;
				INFOPLIST_FILE = CircleApp/Info.plist;
				LD_RUNPATH_SEARCH_PATHS = "$(inherited) @executable_path/../Frameworks";
				PRODUCT_BUNDLE_IDENTIFIER = com.shoebillsoft.circle;
				PRODUCT_NAME = Circle;
				SDKROOT = macosx;
			};
			name = Debug;
		};
		DE0F853F2702FA2B3913D062 /* Debug */ = {
			isa = XCBuildConfiguration;
			buildSettings = {
				ALWAYS_SEARCH_USER_PATHS = NO;
				CLANG_ANALYZER_NONNULL = YES;
				CLANG_ANALYZER_NUMBER_OBJECT_CONVERSION = YES_AGGRESSIVE;
				CLANG_CXX_LANGUAGE_STANDARD = "gnu++14";
				CLANG_CXX_LIBRARY = "libc++";
				CLANG_ENABLE_MODULES = YES;
				CLANG_ENABLE_OBJC_ARC = YES;
				CLANG_ENABLE_OBJC_WEAK = YES;
				CLANG_WARN_BLOCK_CAPTURE_AUTORELEASING = YES;
				CLANG_WARN_BOOL_CONVERSION = YES;
				CLANG_WARN_COMMA = YES;
				CLANG_WARN_CONSTANT_CONVERSION = YES;
				CLANG_WARN_DEPRECATED_OBJC_IMPLEMENTATIONS = YES;
				CLANG_WARN_DIRECT_OBJC_ISA_USAGE = YES_ERROR;
				CLANG_WARN_DOCUMENTATION_COMMENTS = YES;
				CLANG_WARN_EMPTY_BODY = YES;
				CLANG_WARN_ENUM_CONVERSION = YES;
				CLANG_WARN_INFINITE_RECURSION = YES;
				CLANG_WARN_INT_CONVERSION = YES;
				CLANG_WARN_NON_LITERAL_NULL_CONVERSION = YES;
				CLANG_WARN_OBJC_IMPLICIT_RETAIN_SELF = YES;
				CLANG_WARN_OBJC_LITERAL_CONVERSION = YES;
				CLANG_WARN_OBJC_ROOT_CLASS = YES_ERROR;
				CLANG_WARN_QUOTED_INCLUDE_IN_FRAMEWORK_HEADER = YES;
				CLANG_WARN_RANGE_LOOP_ANALYSIS = YES;
				CLANG_WARN_STRICT_PROTOTYPES = YES;
				CLANG_WARN_SUSPICIOUS_MOVE = YES;
				CLANG_WARN_UNGUARDED_AVAILABILITY = YES_AGGRESSIVE;
				CLANG_WARN_UNREACHABLE_CODE = YES;
				CLANG_WARN__DUPLICATE_METHOD_MATCH = YES;
				COPY_PHASE_STRIP = NO;
				DEBUG_INFORMATION_FORMAT = dwarf;
				ENABLE_STRICT_OBJC_MSGSEND = YES;
				ENABLE_TESTABILITY = YES;
				GCC_C_LANGUAGE_STANDARD = gnu11;
				GCC_DYNAMIC_NO_PIC = NO;
				GCC_NO_COMMON_BLOCKS = YES;
				GCC_OPTIMIZATION_LEVEL = 0;
				GCC_PREPROCESSOR_DEFINITIONS = (
					"$(inherited)",
					"DEBUG=1",
				);
				GCC_WARN_64_TO_32_BIT_CONVERSION = YES;
				GCC_WARN_ABOUT_RETURN_TYPE = YES_ERROR;
				GCC_WARN_UNDECLARED_SELECTOR = YES;
				GCC_WARN_UNINITIALIZED_AUTOS = YES_AGGRESSIVE;
				GCC_WARN_UNUSED_FUNCTION = YES;
				GCC_WARN_UNUSED_VARIABLE = YES;
				MACOSX_DEPLOYMENT_TARGET = 14.0;
				MTL_ENABLE_DEBUG_INFO = INCLUDE_SOURCE;
				MTL_FAST_MATH = YES;
				ONLY_ACTIVE_ARCH = YES;
				PRODUCT_NAME = "$(TARGET_NAME)";
				SDKROOT = macosx;
				SWIFT_ACTIVE_COMPILATION_CONDITIONS = DEBUG;
				SWIFT_OPTIMIZATION_LEVEL = "-Onone";
				SWIFT_VERSION = 5.9;
			};
			name = Debug;
		};
/* End XCBuildConfiguration section */

/* Begin XCConfigurationList section */
		57722E62A8E2364B606D27BC /* Build configuration list for PBXNativeTarget "CircleApp" */ = {
			isa = XCConfigurationList;
			buildConfigurations = (
				CEF5E83B30152BFCB240163E /* Debug */,
				645C0AC3B3210AF003B60F35 /* Release */,
			);
			defaultConfigurationIsVisible = 0;
			defaultConfigurationName = Debug;
		};
		9E12B5A54AD2AF045AEF41A6 /* Build configuration list for PBXNativeTarget "CircleSaver" */ = {
			isa = XCConfigurationList;
			buildConfigurations = (
				7EC4D4C75E6100062EA60159 /* Debug */,
				B9A79A6E80A56D6D5B865BEC /* Release */,
			);
			defaultConfigurationIsVisible = 0;
			defaultConfigurationName = Debug;
		};
		F938768E5827A79A0F45494E /* Build configuration list for PBXProject "CircleOLEDSaver" */ = {
			isa = XCConfigurationList;
			buildConfigurations = (
				DE0F853F2702FA2B3913D062 /* Debug */,
				A72615739DE44552D724160A /* Release */,
			);
			defaultConfigurationIsVisible = 0;
			defaultConfigurationName = Debug;
		};
/* End XCConfigurationList section */

/* Begin XCLocalSwiftPackageReference section */
		092CF6751C752D2915CEF894 /* XCLocalSwiftPackageReference "CircleKit" */ = {
			isa = XCLocalSwiftPackageReference;
			relativePath = CircleKit;
		};
/* End XCLocalSwiftPackageReference section */

/* Begin XCRemoteSwiftPackageReference section */
		D56E0D1DB0E9F6FBF62784F4 /* XCRemoteSwiftPackageReference "MacHUD" */ = {
			isa = XCRemoteSwiftPackageReference;
			repositoryURL = "https://github.com/orchetect/MacHUD";
			requirement = {
				kind = upToNextMajorVersion;
				minimumVersion = 0.5.2;
			};
		};
/* End XCRemoteSwiftPackageReference section */

/* Begin XCSwiftPackageProductDependency section */
		43807AB23D6846E5D226D64D /* CircleKit */ = {
			isa = XCSwiftPackageProductDependency;
			productName = CircleKit;
		};
		5FFC558C566188C109FA6096 /* CircleKit */ = {
			isa = XCSwiftPackageProductDependency;
			productName = CircleKit;
		};
		8A1F3481F0D2694FF39F884E /* MacHUD */ = {
			isa = XCSwiftPackageProductDependency;
			package = D56E0D1DB0E9F6FBF62784F4 /* XCRemoteSwiftPackageReference "MacHUD" */;
			productName = MacHUD;
		};
/* End XCSwiftPackageProductDependency section */
	};
	rootObject = 094D1C413EC8FFE7880D5CA4 /* Project object */;
}
